
Microsoft Visual Studio Solution File, Format Version 12.00
# Visual Studio 14
VisualStudioVersion = 14.0.25420.1
MinimumVisualStudioVersion = 10.0.40219.1
Project("{FAE04EC0-301F-11D3-BF4B-00C04F79EFBC}") = "Quasar1.0.1", "Quasar1.0.1\Quasar1.0.1.csproj", "{880BAAB4-CB91-4E06-96AA-1CD02AD9E6DE}"
EndProject
Global
	GlobalSection(SolutionConfigurationPlatforms) = preSolution
		Debug|Any CPU = Debug|Any CPU
		Release|Any CPU = Release|Any CPU
	EndGlobalSection
	GlobalSection(ProjectConfigurationPlatforms) = postSolution
		{880BAAB4-CB91-4E06-96AA-1CD02AD9E6DE}.Debug|Any CPU.ActiveCfg = Debug|Any CPU
		{880BAAB4-CB91-4E06-96AA-1CD02AD9E6DE}.Debug|Any CPU.Build.0 = Debug|Any CPU
		{880BAAB4-CB91-4E06-96AA-1CD02AD9E6DE}.Release|Any CPU.ActiveCfg = Release|Any CPU
		{880BAAB4-CB91-4E06-96AA-1CD02AD9E6DE}.Release|Any CPU.Build.0 = Release|Any CPU
	EndGlobalSection
	GlobalSection(SolutionProperties) = preSolution
		HideSolutionNode = FALSE
	EndGlobalSection
EndGlobal
